
Microsoft Visual Studio Solution File, Format Version 12.00
# Visual Studio Version 16
VisualStudioVersion = 16.0.29424.173
MinimumVisualStudioVersion = 10.0.40219.1
Project("{FAE04EC0-301F-11D3-BF4B-00C04F79EFBC}") = "PilyajUygulama-2", "PilyajUygulama-2\PilyajUygulama-2.csproj", "{1276A20C-2439-439C-99E6-D987E63C7116}"
EndProject
Global
	GlobalSection(SolutionConfigurationPlatforms) = preSolution
		Debug|Any CPU = Debug|Any CPU
		Release|Any CPU = Release|Any CPU
	EndGlobalSection
	GlobalSection(ProjectConfigurationPlatforms) = postSolution
		{1276A20C-2439-439C-99E6-D987E63C7116}.Debug|Any CPU.ActiveCfg = Debug|Any CPU
		{1276A20C-2439-439C-99E6-D987E63C7116}.Debug|Any CPU.Build.0 = Debug|Any CPU
		{1276A20C-2439-439C-99E6-D987E63C7116}.Release|Any CPU.ActiveCfg = Release|Any CPU
		{1276A20C-2439-439C-99E6-D987E63C7116}.Release|Any CPU.Build.0 = Release|Any CPU
	EndGlobalSection
	GlobalSection(SolutionProperties) = preSolution
		HideSolutionNode = FALSE
	EndGlobalSection
	GlobalSection(ExtensibilityGlobals) = postSolution
		SolutionGuid = {71B73CE9-AA03-4EFA-A149-4BF8BC863926}
	EndGlobalSection
EndGlobal
